// !$*UTF8*$!
{
	archiveVersion = 1;
	classes = {
	};
	objectVersion = 55;
	objects = {

/* Begin PBXBuildFile section */
		2C66CF7CBA6F661489D2C2E5 /* Pods_takeHomeTest.framework in Frameworks */ = {isa = PBXBuildFile; fileRef = 38892AFA4D01BDD3B7B99451 /* Pods_takeHomeTest.framework */; };
		F907DF2F28D4A192002835E3 /* AppDelegate.swift in Sources */ = {isa = PBXBuildFile; fileRef = F907DF2E28D4A192002835E3 /* AppDelegate.swift */; };
		F907DF3128D4A192002835E3 /* SceneDelegate.swift in Sources */ = {isa = PBXBuildFile; fileRef = F907DF3028D4A192002835E3 /* SceneDelegate.swift */; };
		F907DF3328D4A192002835E3 /* ViewController.swift in Sources */ = {isa = PBXBuildFile; fileRef = F907DF3228D4A192002835E3 /* ViewController.swift */; };
		F907DF3628D4A192002835E3 /* Main.storyboard in Resources */ = {isa = PBXBuildFile; fileRef = F907DF3428D4A192002835E3 /* Main.storyboard */; };
		F907DF3828D4A195002835E3 /* Assets.xcassets in Resources */ = {isa = PBXBuildFile; fileRef = F907DF3728D4A195002835E3 /* Assets.xcassets */; };
		F907DF3B28D4A195002835E3 /* LaunchScreen.storyboard in Resources */ = {isa = PBXBuildFile; fileRef = F907DF3928D4A195002835E3 /* LaunchScreen.storyboard */; };
		F95FDB9028D8683C00643316 /* TableViewCell.swift in Sources */ = {isa = PBXBuildFile; fileRef = F95FDB8E28D8683C00643316 /* TableViewCell.swift */; };
		F95FDB9128D8683C00643316 /* TableViewCell.xib in Resources */ = {isa = PBXBuildFile; fileRef = F95FDB8F28D8683C00643316 /* TableViewCell.xib */; };
		F95FDB9328D8703400643316 /* Product.swift in Sources */ = {isa = PBXBuildFile; fileRef = F95FDB9228D8703400643316 /* Product.swift */; };
/* End PBXBuildFile section */

/* Begin PBXFileReference section */
		122999A99D233C5276C28F9D /* Pods-takeHomeTest.release.xcconfig */ = {isa = PBXFileReference; includeInIndex = 1; lastKnownFileType = text.xcconfig; name = "Pods-takeHomeTest.release.xcconfig"; path = "Target Support Files/Pods-takeHomeTest/Pods-takeHomeTest.release.xcconfig"; sourceTree = "<group>"; };
		38892AFA4D01BDD3B7B99451 /* Pods_takeHomeTest.framework */ = {isa = PBXFileReference; explicitFileType = wrapper.framework; includeInIndex = 0; path = Pods_takeHomeTest.framework; sourceTree = BUILT_PRODUCTS_DIR; };
		7B20C31D1C9D8FFF94FEDAA1 /* Pods-takeHomeTest.debug.xcconfig */ = {isa = PBXFileReference; includeInIndex = 1; lastKnownFileType = text.xcconfig; name = "Pods-takeHomeTest.debug.xcconfig"; path = "Target Support Files/Pods-takeHomeTest/Pods-takeHomeTest.debug.xcconfig"; sourceTree = "<group>"; };
		F907DF2B28D4A192002835E3 /* takeHomeTest.app */ = {isa = PBXFileReference; explicitFileType = wrapper.application; includeInIndex = 0; path = takeHomeTest.app; sourceTree = BUILT_PRODUCTS_DIR; };
		F907DF2E28D4A192002835E3 /* AppDelegate.swift */ = {isa = PBXFileReference; lastKnownFileType = sourcecode.swift; path = AppDelegate.swift; sourceTree = "<group>"; };
		F907DF3028D4A192002835E3 /* SceneDelegate.swift */ = {isa = PBXFileReference; lastKnownFileType = sourcecode.swift; path = SceneDelegate.swift; sourceTree = "<group>"; };
		F907DF3228D4A192002835E3 /* ViewController.swift */ = {isa = PBXFileReference; lastKnownFileType = sourcecode.swift; path = ViewController.swift; sourceTree = "<group>"; };
		F907DF3528D4A192002835E3 /* Base */ = {isa = PBXFileReference; lastKnownFileType = file.storyboard; name = Base; path = Base.lproj/Main.storyboard; sourceTree = "<group>"; };
		F907DF3728D4A195002835E3 /* Assets.xcassets */ = {isa = PBXFileReference; lastKnownFileType = folder.assetcatalog; path = Assets.xcassets; sourceTree = "<group>"; };
		F907DF3A28D4A195002835E3 /* Base */ = {isa = PBXFileReference; lastKnownFileType = file.storyboard; name = Base; path = Base.lproj/LaunchScreen.storyboard; sourceTree = "<group>"; };
		F907DF3C28D4A195002835E3 /* Info.plist */ = {isa = PBXFileReference; lastKnownFileType = text.plist.xml; path = Info.plist; sourceTree = "<group>"; };
		F95FDB8E28D8683C00643316 /* TableViewCell.swift */ = {isa = PBXFileReference; lastKnownFileType = sourcecode.swift; path = TableViewCell.swift; sourceTree = "<group>"; };
		F95FDB8F28D8683C00643316 /* TableViewCell.xib */ = {isa = PBXFileReference; lastKnownFileType = file.xib; path = TableViewCell.xib; sourceTree = "<group>"; };
		F95FDB9228D8703400643316 /* Product.swift */ = {isa = PBXFileReference; lastKnownFileType = sourcecode.swift; path = Product.swift; sourceTree = "<group>"; };
/* End PBXFileReference section */

/* Begin PBXFrameworksBuildPhase section */
		F907DF2828D4A192002835E3 /* Frameworks */ = {
			isa = PBXFrameworksBuildPhase;
			buildActionMask = 2147483647;
			files = (
				2C66CF7CBA6F661489D2C2E5 /* Pods_takeHomeTest.framework in Frameworks */,
			);
			runOnlyForDeploymentPostprocessing = 0;
		};
/* End PBXFrameworksBuildPhase section */

/* Begin PBXGroup section */
		2EABAA011EF2F957880A5C9E /* Frameworks */ = {
			isa = PBXGroup;
			children = (
				38892AFA4D01BDD3B7B99451 /* Pods_takeHomeTest.framework */,
			);
			name = Frameworks;
			sourceTree = "<group>";
		};
		6DB074E2E2F1FD6E70EA8C18 /* Pods */ = {
			isa = PBXGroup;
			children = (
				7B20C31D1C9D8FFF94FEDAA1 /* Pods-takeHomeTest.debug.xcconfig */,
				122999A99D233C5276C28F9D /* Pods-takeHomeTest.release.xcconfig */,
			);
			name = Pods;
			path = Pods;
			sourceTree = "<group>";
		};
		F907DF2228D4A192002835E3 = {
			isa = PBXGroup;
			children = (
				F907DF2D28D4A192002835E3 /* takeHomeTest */,
				F907DF2C28D4A192002835E3 /* Products */,
				6DB074E2E2F1FD6E70EA8C18 /* Pods */,
				2EABAA011EF2F957880A5C9E /* Frameworks */,
			);
			sourceTree = "<group>";
		};
		F907DF2C28D4A192002835E3 /* Products */ = {
			isa = PBXGroup;
			children = (
				F907DF2B28D4A192002835E3 /* takeHomeTest.app */,
			);
			name = Products;
			sourceTree = "<group>";
		};
		F907DF2D28D4A192002835E3 /* takeHomeTest */ = {
			isa = PBXGroup;
			children = (
				F907DF2E28D4A192002835E3 /* AppDelegate.swift */,
				F907DF3028D4A192002835E3 /* SceneDelegate.swift */,
				F907DF3228D4A192002835E3 /* ViewController.swift */,
				F907DF3428D4A192002835E3 /* Main.storyboard */,
				F907DF3728D4A195002835E3 /* Assets.xcassets */,
				F907DF3928D4A195002835E3 /* LaunchScreen.storyboard */,
				F907DF3C28D4A195002835E3 /* Info.plist */,
				F95FDB8E28D8683C00643316 /* TableViewCell.swift */,
				F95FDB8F28D8683C00643316 /* TableViewCell.xib */,
				F95FDB9228D8703400643316 /* Product.swift */,
			);
			path = takeHomeTest;
			sourceTree = "<group>";
		};
/* End PBXGroup section */

/* Begin PBXNativeTarget section */
		F907DF2A28D4A192002835E3 /* takeHomeTest */ = {
			isa = PBXNativeTarget;
			buildConfigurationList = F907DF3F28D4A195002835E3 /* Build configuration list for PBXNativeTarget "takeHomeTest" */;
			buildPhases = (
				2B399FDA6872E69CA4C6683E /* [CP] Check Pods Manifest.lock */,
				F907DF2728D4A192002835E3 /* Sources */,
				F907DF2828D4A192002835E3 /* Frameworks */,
				F907DF2928D4A192002835E3 /* Resources */,
				91058E7CC8B474AEA865733B /* [CP] Embed Pods Frameworks */,
			);
			buildRules = (
			);
			dependencies = (
			);
			name = takeHomeTest;
			productName = takeHomeTest;
			productReference = F907DF2B28D4A192002835E3 /* takeHomeTest.app */;
			productType = "com.apple.product-type.application";
		};
/* End PBXNativeTarget section */

/* Begin PBXProject section */
		F907DF2328D4A192002835E3 /* Project object */ = {
			isa = PBXProject;
			attributes = {
				BuildIndependentTargetsInParallel = 1;
				LastSwiftUpdateCheck = 1340;
				LastUpgradeCheck = 1340;
				TargetAttributes = {
					F907DF2A28D4A192002835E3 = {
						CreatedOnToolsVersion = 13.4.1;
					};
				};
			};
			buildConfigurationList = F907DF2628D4A192002835E3 /* Build configuration list for PBXProject "takeHomeTest" */;
			compatibilityVersion = "Xcode 13.0";
			developmentRegion = en;
			hasScannedForEncodings = 0;
			knownRegions = (
				en,
				Base,
			);
			mainGroup = F907DF2228D4A192002835E3;
			productRefGroup = F907DF2C28D4A192002835E3 /* Products */;
			projectDirPath = "";
			projectRoot = "";
			targets = (
				F907DF2A28D4A192002835E3 /* takeHomeTest */,
			);
		};
/* End PBXProject section */

/* Begin PBXResourcesBuildPhase section */
		F907DF2928D4A192002835E3 /* Resources */ = {
			isa = PBXResourcesBuildPhase;
			buildActionMask = 2147483647;
			files = (
				F907DF3B28D4A195002835E3 /* LaunchScreen.storyboard in Resources */,
				F95FDB9128D8683C00643316 /* TableViewCell.xib in Resources */,
				F907DF3828D4A195002835E3 /* Assets.xcassets in Resources */,
				F907DF3628D4A192002835E3 /* Main.storyboard in Resources */,
			);
			runOnlyForDeploymentPostprocessing = 0;
		};
/* End PBXResourcesBuildPhase section */

/* Begin PBXShellScriptBuildPhase section */
		2B399FDA6872E69CA4C6683E /* [CP] Check Pods Manifest.lock */ = {
			isa = PBXShellScriptBuildPhase;
			buildActionMask = 2147483647;
			files = (
			);
			inputFileListPaths = (
			);
			inputPaths = (
				"${PODS_PODFILE_DIR_PATH}/Podfile.lock",
				"${PODS_ROOT}/Manifest.lock",
			);
			name = "[CP] Check Pods Manifest.lock";
			outputFileListPaths = (
			);
			outputPaths = (
				"$(DERIVED_FILE_DIR)/Pods-takeHomeTest-checkManifestLockResult.txt",
			);
			runOnlyForDeploymentPostprocessing = 0;
			shellPath = /bin/sh;
			shellScript = "diff \"${PODS_PODFILE_DIR_PATH}/Podfile.lock\" \"${PODS_ROOT}/Manifest.lock\" > /dev/null\nif [ $? != 0 ] ; then\n    # print error to STDERR\n    echo \"error: The sandbox is not in sync with the Podfile.lock. Run 'pod install' or update your CocoaPods installation.\" >&2\n    exit 1\nfi\n# This output is used by Xcode 'outputs' to avoid re-running this script phase.\necho \"SUCCESS\" > \"${SCRIPT_OUTPUT_FILE_0}\"\n";
			showEnvVarsInLog = 0;
		};
		91058E7CC8B474AEA865733B /* [CP] Embed Pods Frameworks */ = {
			isa = PBXShellScriptBuildPhase;
			buildActionMask = 2147483647;
			files = (
			);
			inputFileListPaths = (
				"${PODS_ROOT}/Target Support Files/Pods-takeHomeTest/Pods-takeHomeTest-frameworks-${CONFIGURATION}-input-files.xcfilelist",
			);
			name = "[CP] Embed Pods Frameworks";
			outputFileListPaths = (
				"${PODS_ROOT}/Target Support Files/Pods-takeHomeTest/Pods-takeHomeTest-frameworks-${CONFIGURATION}-output-files.xcfilelist",
			);
			runOnlyForDeploymentPostprocessing = 0;
			shellPath = /bin/sh;
			shellScript = "\"${PODS_ROOT}/Target Support Files/Pods-takeHomeTest/Pods-takeHomeTest-frameworks.sh\"\n";
			showEnvVarsInLog = 0;
		};
/* End PBXShellScriptBuildPhase section */

/* Begin PBXSourcesBuildPhase section */
		F907DF2728D4A192002835E3 /* Sources */ = {
			isa = PBXSourcesBuildPhase;
			buildActionMask = 2147483647;
			files = (
				F907DF3328D4A192002835E3 /* ViewController.swift in Sources */,
				F95FDB9028D8683C00643316 /* TableViewCell.swift in Sources */,
				F907DF2F28D4A192002835E3 /* AppDelegate.swift in Sources */,
				F907DF3128D4A192002835E3 /* SceneDelegate.swift in Sources */,
				F95FDB9328D8703400643316 /* Product.swift in Sources */,
			);
			runOnlyForDeploymentPostprocessing = 0;
		};
/* End PBXSourcesBuildPhase section */

/* Begin PBXVariantGroup section */
		F907DF3428D4A192002835E3 /* Main.storyboard */ = {
			isa = PBXVariantGroup;
			children = (
				F907DF3528D4A192002835E3 /* Base */,
			);
			name = Main.storyboard;
			sourceTree = "<group>";
		};
		F907DF3928D4A195002835E3 /* LaunchScreen.storyboard */ = {
			isa = PBXVariantGroup;
			children = (
				F907DF3A28D4A195002835E3 /* Base */,
			);
			name = LaunchScreen.storyboard;
			sourceTree = "<group>";
		};
/* End PBXVariantGroup section */

/* Begin XCBuildConfiguration section */
		F907DF3D28D4A195002835E3 /* Debug */ = {
			isa = XCBuildConfiguration;
			buildSettings = {
				ALWAYS_SEARCH_USER_PATHS = NO;
				CLANG_ANALYZER_NONNULL = YES;
				CLANG_ANALYZER_NUMBER_OBJECT_CONVERSION = YES_AGGRESSIVE;
				CLANG_CXX_LANGUAGE_STANDARD = "gnu++17";
				CLANG_ENABLE_MODULES = YES;
				CLANG_ENABLE_OBJC_ARC = YES;
				CLANG_ENABLE_OBJC_WEAK = YES;
				CLANG_WARN_BLOCK_CAPTURE_AUTORELEASING = YES;
				CLANG_WARN_BOOL_CONVERSION = YES;
				CLANG_WARN_COMMA = YES;
				CLANG_WARN_CONSTANT_CONVERSION = YES;
				CLANG_WARN_DEPRECATED_OBJC_IMPLEMENTATIONS = YES;
				CLANG_WARN_DIRECT_OBJC_ISA_USAGE = YES_ERROR;
				CLANG_WARN_DOCUMENTATION_COMMENTS = YES;
				CLANG_WARN_EMPTY_BODY = YES;
				CLANG_WARN_ENUM_CONVERSION = YES;
				CLANG_WARN_INFINITE_RECURSION = YES;
				CLANG_WARN_INT_CONVERSION = YES;
				CLANG_WARN_NON_LITERAL_NULL_CONVERSION = YES;
				CLANG_WARN_OBJC_IMPLICIT_RETAIN_SELF = YES;
				CLANG_WARN_OBJC_LITERAL_CONVERSION = YES;
				CLANG_WARN_OBJC_ROOT_CLASS = YES_ERROR;
				CLANG_WARN_QUOTED_INCLUDE_IN_FRAMEWORK_HEADER = YES;
				CLANG_WARN_RANGE_LOOP_ANALYSIS = YES;
				CLANG_WARN_STRICT_PROTOTYPES = YES;
				CLANG_WARN_SUSPICIOUS_MOVE = YES;
				CLANG_WARN_UNGUARDED_AVAILABILITY = YES_AGGRESSIVE;
				CLANG_WARN_UNREACHABLE_CODE = YES;
				CLANG_WARN__DUPLICATE_METHOD_MATCH = YES;
				COPY_PHASE_STRIP = NO;
				DEBUG_INFORMATION_FORMAT = dwarf;
				ENABLE_STRICT_OBJC_MSGSEND = YES;
				ENABLE_TESTABILITY = YES;
				GCC_C_LANGUAGE_STANDARD = gnu11;
				GCC_DYNAMIC_NO_PIC = NO;
				GCC_NO_COMMON_BLOCKS = YES;
				GCC_OPTIMIZATION_LEVEL = 0;
				GCC_PREPROCESSOR_DEFINITIONS = (
					"DEBUG=1",
					"$(inherited)",
				);
				GCC_WARN_64_TO_32_BIT_CONVERSION = YES;
				GCC_WARN_ABOUT_RETURN_TYPE = YES_ERROR;
				GCC_WARN_UNDECLARED_SELECTOR = YES;
				GCC_WARN_UNINITIALIZED_AUTOS = YES_AGGRESSIVE;
				GCC_WARN_UNUSED_FUNCTION = YES;
				GCC_WARN_UNUSED_VARIABLE = YES;
				IPHONEOS_DEPLOYMENT_TARGET = 15.5;
				MTL_ENABLE_DEBUG_INFO = INCLUDE_SOURCE;
				MTL_FAST_MATH = YES;
				ONLY_ACTIVE_ARCH = YES;
				SDKROOT = iphoneos;
				SWIFT_ACTIVE_COMPILATION_CONDITIONS = DEBUG;
				SWIFT_OPTIMIZATION_LEVEL = "-Onone";
			};
			name = Debug;
		};
		F907DF3E28D4A195002835E3 /* Release */ = {
			isa = XCBuildConfiguration;
			buildSettings = {
				ALWAYS_SEARCH_USER_PATHS = NO;
				CLANG_ANALYZER_NONNULL = YES;
				CLANG_ANALYZER_NUMBER_OBJECT_CONVERSION = YES_AGGRESSIVE;
				CLANG_CXX_LANGUAGE_STANDARD = "gnu++17";
				CLANG_ENABLE_MODULES = YES;
				CLANG_ENABLE_OBJC_ARC = YES;
				CLANG_ENABLE_OBJC_WEAK = YES;
				CLANG_WARN_BLOCK_CAPTURE_AUTORELEASING = YES;
				CLANG_WARN_BOOL_CONVERSION = YES;
				CLANG_WARN_COMMA = YES;
				CLANG_WARN_CONSTANT_CONVERSION = YES;
				CLANG_WARN_DEPRECATED_OBJC_IMPLEMENTATIONS = YES;
				CLANG_WARN_DIRECT_OBJC_ISA_USAGE = YES_ERROR;
				CLANG_WARN_DOCUMENTATION_COMMENTS = YES;
				CLANG_WARN_EMPTY_BODY = YES;
				CLANG_WARN_ENUM_CONVERSION = YES;
				CLANG_WARN_INFINITE_RECURSION = YES;
				CLANG_WARN_INT_CONVERSION = YES;
				CLANG_WARN_NON_LITERAL_NULL_CONVERSION = YES;
				CLANG_WARN_OBJC_IMPLICIT_RETAIN_SELF = YES;
				CLANG_WARN_OBJC_LITERAL_CONVERSION = YES;
				CLANG_WARN_OBJC_ROOT_CLASS = YES_ERROR;
				CLANG_WARN_QUOTED_INCLUDE_IN_FRAMEWORK_HEADER = YES;
				CLANG_WARN_RANGE_LOOP_ANALYSIS = YES;
				CLANG_WARN_STRICT_PROTOTYPES = YES;
				CLANG_WARN_SUSPICIOUS_MOVE = YES;
				CLANG_WARN_UNGUARDED_AVAILABILITY = YES_AGGRESSIVE;
				CLANG_WARN_UNREACHABLE_CODE = YES;
				CLANG_WARN__DUPLICATE_METHOD_MATCH = YES;
				COPY_PHASE_STRIP = NO;
				DEBUG_INFORMATION_FORMAT = "dwarf-with-dsym";
				ENABLE_NS_ASSERTIONS = NO;
				ENABLE_STRICT_OBJC_MSGSEND = YES;
				GCC_C_LANGUAGE_STANDARD = gnu11;
				GCC_NO_COMMON_BLOCKS = YES;
				GCC_WARN_64_TO_32_BIT_CONVERSION = YES;
				GCC_WARN_ABOUT_RETURN_TYPE = YES_ERROR;
				GCC_WARN_UNDECLARED_SELECTOR = YES;
				GCC_WARN_UNINITIALIZED_AUTOS = YES_AGGRESSIVE;
				GCC_WARN_UNUSED_FUNCTION = YES;
				GCC_WARN_UNUSED_VARIABLE = YES;
				IPHONEOS_DEPLOYMENT_TARGET = 15.5;
				MTL_ENABLE_DEBUG_INFO = NO;
				MTL_FAST_MATH = YES;
				SDKROOT = iphoneos;
				SWIFT_COMPILATION_MODE = wholemodule;
				SWIFT_OPTIMIZATION_LEVEL = "-O";
				VALIDATE_PRODUCT = YES;
			};
			name = Release;
		};
		F907DF4028D4A195002835E3 /* Debug */ = {
			isa = XCBuildConfiguration;
			baseConfigurationReference = 7B20C31D1C9D8FFF94FEDAA1 /* Pods-takeHomeTest.debug.xcconfig */;
			buildSettings = {
				ASSETCATALOG_COMPILER_APPICON_NAME = AppIcon;
				ASSETCATALOG_COMPILER_GLOBAL_ACCENT_COLOR_NAME = AccentColor;
				CODE_SIGN_STYLE = Automatic;
				CURRENT_PROJECT_VERSION = 1;
				DEVELOPMENT_TEAM = X2G85LC5ZY;
				GENERATE_INFOPLIST_FILE = YES;
				INFOPLIST_FILE = takeHomeTest/Info.plist;
				INFOPLIST_KEY_UIApplicationSupportsIndirectInputEvents = YES;
				INFOPLIST_KEY_UILaunchStoryboardName = LaunchScreen;
				INFOPLIST_KEY_UIMainStoryboardFile = Main;
				INFOPLIST_KEY_UISupportedInterfaceOrientations_iPad = "UIInterfaceOrientationPortrait UIInterfaceOrientationPortraitUpsideDown UIInterfaceOrientationLandscapeLeft UIInterfaceOrientationLandscapeRight";
				INFOPLIST_KEY_UISupportedInterfaceOrientations_iPhone = "UIInterfaceOrientationPortrait UIInterfaceOrientationLandscapeLeft UIInterfaceOrientationLandscapeRight";
				LD_RUNPATH_SEARCH_PATHS = (
					"$(inherited)",
					"@executable_path/Frameworks",
				);
				MARKETING_VERSION = 1.0;
				PRODUCT_BUNDLE_IDENTIFIER = com.hannatassja.takeHomeTest;
				PRODUCT_NAME = "$(TARGET_NAME)";
				SWIFT_EMIT_LOC_STRINGS = YES;
				SWIFT_VERSION = 5.0;
				TARGETED_DEVICE_FAMILY = "1,2";
			};
			name = Debug;
		};
		F907DF4128D4A195002835E3 /* Release */ = {
			isa = XCBuildConfiguration;
			baseConfigurationReference = 122999A99D233C5276C28F9D /* Pods-takeHomeTest.release.xcconfig */;
			buildSettings = {
				ASSETCATALOG_COMPILER_APPICON_NAME = AppIcon;
				ASSETCATALOG_COMPILER_GLOBAL_ACCENT_COLOR_NAME = AccentColor;
				CODE_SIGN_STYLE = Automatic;
				CURRENT_PROJECT_VERSION = 1;
				DEVELOPMENT_TEAM = X2G85LC5ZY;
				GENERATE_INFOPLIST_FILE = YES;
				INFOPLIST_FILE = takeHomeTest/Info.plist;
				INFOPLIST_KEY_UIApplicationSupportsIndirectInputEvents = YES;
				INFOPLIST_KEY_UILaunchStoryboardName = LaunchScreen;
				INFOPLIST_KEY_UIMainStoryboardFile = Main;
				INFOPLIST_KEY_UISupportedInterfaceOrientations_iPad = "UIInterfaceOrientationPortrait UIInterfaceOrientationPortraitUpsideDown UIInterfaceOrientationLandscapeLeft UIInterfaceOrientationLandscapeRight";
				INFOPLIST_KEY_UISupportedInterfaceOrientations_iPhone = "UIInterfaceOrientationPortrait UIInterfaceOrientationLandscapeLeft UIInterfaceOrientationLandscapeRight";
				LD_RUNPATH_SEARCH_PATHS = (
					"$(inherited)",
					"@executable_path/Frameworks",
				);
				MARKETING_VERSION = 1.0;
				PRODUCT_BUNDLE_IDENTIFIER = com.hannatassja.takeHomeTest;
				PRODUCT_NAME = "$(TARGET_NAME)";
				SWIFT_EMIT_LOC_STRINGS = YES;
				SWIFT_VERSION = 5.0;
				TARGETED_DEVICE_FAMILY = "1,2";
			};
			name = Release;
		};
/* End XCBuildConfiguration section */

/* Begin XCConfigurationList section */
		F907DF2628D4A192002835E3 /* Build configuration list for PBXProject "takeHomeTest" */ = {
			isa = XCConfigurationList;
			buildConfigurations = (
				F907DF3D28D4A195002835E3 /* Debug */,
				F907DF3E28D4A195002835E3 /* Release */,
			);
			defaultConfigurationIsVisible = 0;
			defaultConfigurationName = Release;
		};
		F907DF3F28D4A195002835E3 /* Build configuration list for PBXNativeTarget "takeHomeTest" */ = {
			isa = XCConfigurationList;
			buildConfigurations = (
				F907DF4028D4A195002835E3 /* Debug */,
				F907DF4128D4A195002835E3 /* Release */,
			);
			defaultConfigurationIsVisible = 0;
			defaultConfigurationName = Release;
		};
/* End XCConfigurationList section */
	};
	rootObject = F907DF2328D4A192002835E3 /* Project object */;
}
